
Microsoft Visual Studio Solution File, Format Version 12.00
# Visual Studio 2013
VisualStudioVersion = 12.0.31101.0
MinimumVisualStudioVersion = 10.0.40219.1
Project("{FAE04EC0-301F-11D3-BF4B-00C04F79EFBC}") = "Flooder", "Flooder\Flooder.csproj", "{45C37B6B-912C-427D-B3E3-9D4FC7E02DF2}"
EndProject
Project("{FAE04EC0-301F-11D3-BF4B-00C04F79EFBC}") = "Flooder.Console", "Flooder.Console\Flooder.Console.csproj", "{A3215F99-4AF9-42F4-A15C-654B8BD1B40B}"
EndProject
Project("{FAE04EC0-301F-11D3-BF4B-00C04F79EFBC}") = "Flooder.Service", "Flooder.Service\Flooder.Service.csproj", "{10BEAD13-8A03-4ECC-81B8-36008717F333}"
EndProject
Project("{2150E333-8FDC-42A3-9474-1A3956D46DE8}") = ".nuget", ".nuget", "{4B5B7756-283A-47DE-BEAA-47EB26603707}"
	ProjectSection(SolutionItems) = preProject
		.nuget\NuGet.Config = .nuget\NuGet.Config
		.nuget\NuGet.exe = .nuget\NuGet.exe
		.nuget\NuGet.targets = .nuget\NuGet.targets
	EndProjectSection
EndProject
Project("{FAE04EC0-301F-11D3-BF4B-00C04F79EFBC}") = "Flooder.Tests", "Flooder.Tests\Flooder.Tests.csproj", "{B14853D9-2F48-415D-A48F-211AC01E71CA}"
EndProject
Project("{2150E333-8FDC-42A3-9474-1A3956D46DE8}") = "LegacySupport", "LegacySupport", "{86721012-D3C6-4A06-A10F-79A478E75A26}"
EndProject
Project("{FAE04EC0-301F-11D3-BF4B-00C04F79EFBC}") = "Flooder.Net40", "Flooder.Net40\Flooder.Net40.csproj", "{D1A2BCBB-8483-4BF6-A1E0-22E98E33BC47}"
EndProject
Project("{FAE04EC0-301F-11D3-BF4B-00C04F79EFBC}") = "Flooder.Console.Net40", "Flooder.Console.Net40\Flooder.Console.Net40.csproj", "{6CED3DFD-18BC-4273-A283-BCA509A969F3}"
EndProject
Project("{FAE04EC0-301F-11D3-BF4B-00C04F79EFBC}") = "Flooder.Service.Net40", "Flooder.Service.Net40\Flooder.Service.Net40.csproj", "{8C3C0AD6-ECE7-47C3-995B-592D9662163D}"
EndProject
Global
	GlobalSection(SolutionConfigurationPlatforms) = preSolution
		Debug|Any CPU = Debug|Any CPU
		Release|Any CPU = Release|Any CPU
	EndGlobalSection
	GlobalSection(ProjectConfigurationPlatforms) = postSolution
		{45C37B6B-912C-427D-B3E3-9D4FC7E02DF2}.Debug|Any CPU.ActiveCfg = Debug|Any CPU
		{45C37B6B-912C-427D-B3E3-9D4FC7E02DF2}.Debug|Any CPU.Build.0 = Debug|Any CPU
		{45C37B6B-912C-427D-B3E3-9D4FC7E02DF2}.Release|Any CPU.ActiveCfg = Release|Any CPU
		{45C37B6B-912C-427D-B3E3-9D4FC7E02DF2}.Release|Any CPU.Build.0 = Release|Any CPU
		{A3215F99-4AF9-42F4-A15C-654B8BD1B40B}.Debug|Any CPU.ActiveCfg = Debug|Any CPU
		{A3215F99-4AF9-42F4-A15C-654B8BD1B40B}.Debug|Any CPU.Build.0 = Debug|Any CPU
		{A3215F99-4AF9-42F4-A15C-654B8BD1B40B}.Release|Any CPU.ActiveCfg = Release|Any CPU
		{A3215F99-4AF9-42F4-A15C-654B8BD1B40B}.Release|Any CPU.Build.0 = Release|Any CPU
		{10BEAD13-8A03-4ECC-81B8-36008717F333}.Debug|Any CPU.ActiveCfg = Debug|Any CPU
		{10BEAD13-8A03-4ECC-81B8-36008717F333}.Debug|Any CPU.Build.0 = Debug|Any CPU
		{10BEAD13-8A03-4ECC-81B8-36008717F333}.Release|Any CPU.ActiveCfg = Release|Any CPU
		{10BEAD13-8A03-4ECC-81B8-36008717F333}.Release|Any CPU.Build.0 = Release|Any CPU
		{B14853D9-2F48-415D-A48F-211AC01E71CA}.Debug|Any CPU.ActiveCfg = Debug|Any CPU
		{B14853D9-2F48-415D-A48F-211AC01E71CA}.Debug|Any CPU.Build.0 = Debug|Any CPU
		{B14853D9-2F48-415D-A48F-211AC01E71CA}.Release|Any CPU.ActiveCfg = Release|Any CPU
		{B14853D9-2F48-415D-A48F-211AC01E71CA}.Release|Any CPU.Build.0 = Release|Any CPU
		{D1A2BCBB-8483-4BF6-A1E0-22E98E33BC47}.Debug|Any CPU.ActiveCfg = Debug|Any CPU
		{D1A2BCBB-8483-4BF6-A1E0-22E98E33BC47}.Debug|Any CPU.Build.0 = Debug|Any CPU
		{D1A2BCBB-8483-4BF6-A1E0-22E98E33BC47}.Release|Any CPU.ActiveCfg = Release|Any CPU
		{D1A2BCBB-8483-4BF6-A1E0-22E98E33BC47}.Release|Any CPU.Build.0 = Release|Any CPU
		{6CED3DFD-18BC-4273-A283-BCA509A969F3}.Debug|Any CPU.ActiveCfg = Debug|Any CPU
		{6CED3DFD-18BC-4273-A283-BCA509A969F3}.Debug|Any CPU.Build.0 = Debug|Any CPU
		{6CED3DFD-18BC-4273-A283-BCA509A969F3}.Release|Any CPU.ActiveCfg = Release|Any CPU
		{6CED3DFD-18BC-4273-A283-BCA509A969F3}.Release|Any CPU.Build.0 = Release|Any CPU
		{8C3C0AD6-ECE7-47C3-995B-592D9662163D}.Debug|Any CPU.ActiveCfg = Debug|Any CPU
		{8C3C0AD6-ECE7-47C3-995B-592D9662163D}.Debug|Any CPU.Build.0 = Debug|Any CPU
		{8C3C0AD6-ECE7-47C3-995B-592D9662163D}.Release|Any CPU.ActiveCfg = Release|Any CPU
		{8C3C0AD6-ECE7-47C3-995B-592D9662163D}.Release|Any CPU.Build.0 = Release|Any CPU
	EndGlobalSection
	GlobalSection(SolutionProperties) = preSolution
		HideSolutionNode = FALSE
	EndGlobalSection
	GlobalSection(NestedProjects) = preSolution
		{D1A2BCBB-8483-4BF6-A1E0-22E98E33BC47} = {86721012-D3C6-4A06-A10F-79A478E75A26}
		{6CED3DFD-18BC-4273-A283-BCA509A969F3} = {86721012-D3C6-4A06-A10F-79A478E75A26}
		{8C3C0AD6-ECE7-47C3-995B-592D9662163D} = {86721012-D3C6-4A06-A10F-79A478E75A26}
	EndGlobalSection
	GlobalSection(Performance) = preSolution
		HasPerformanceSessions = true
	EndGlobalSection
EndGlobal
